
Microsoft Visual Studio Solution File, Format Version 12.00
# Visual Studio 14
VisualStudioVersion = 14.0.25420.1
MinimumVisualStudioVersion = 10.0.40219.1
Project("{8BC9CEB8-8B4A-11D0-8D11-00A0C91BC942}") = "liblept", "liblept\liblept.vcxproj", "{E6961845-0D83-4CB0-9928-064E63D90FF2}"
EndProject
Project("{8BC9CEB8-8B4A-11D0-8D11-00A0C91BC942}") = "giflib", "giflib\giflib.vcxproj", "{41F12953-3463-4CE0-B2E0-26EDD6948ED9}"
EndProject
Project("{8BC9CEB8-8B4A-11D0-8D11-00A0C91BC942}") = "libjpeg", "libjpeg\libjpeg.vcxproj", "{EBA2AE0F-2BBC-406D-9A34-3BC8EA89D5CF}"
EndProject
Project("{8BC9CEB8-8B4A-11D0-8D11-00A0C91BC942}") = "libpng", "libpng\libpng.vcxproj", "{CFE7F335-BE15-417C-9498-98E79F9EB18E}"
EndProject
Project("{8BC9CEB8-8B4A-11D0-8D11-00A0C91BC942}") = "libtiff", "libtiff\libtiff.vcxproj", "{1D6F8728-4BE8-4142-95E7-7430D3891C72}"
EndProject
Project("{8BC9CEB8-8B4A-11D0-8D11-00A0C91BC942}") = "libwebp", "libwebp\libwebp.vcxproj", "{37AD3712-9022-4665-BB77-0CC8B2B49D8A}"
EndProject
Project("{8BC9CEB8-8B4A-11D0-8D11-00A0C91BC942}") = "zlib", "zlib\zlib.vcxproj", "{B6B31E79-633D-4C8B-8BEB-98E90394BC90}"
EndProject
Project("{8BC9CEB8-8B4A-11D0-8D11-00A0C91BC942}") = "openjpeg", "openjpeg\openjpeg.vcxproj", "{6B46ED03-25FE-475D-A93C-34AEA797571F}"
EndProject
Project("{8BC9CEB8-8B4A-11D0-8D11-00A0C91BC942}") = "libtrain", "libtesseract\libtesseract.vcxproj", "{D5811ADA-EF79-4F95-A81C-0CAE618C1198}"
EndProject
Project("{8BC9CEB8-8B4A-11D0-8D11-00A0C91BC942}") = "stubdata", "icu\source\stubdata\stubdata.vcxproj", "{203EC78A-0531-43F0-A636-285439BDE025}"
EndProject
Project("{8BC9CEB8-8B4A-11D0-8D11-00A0C91BC942}") = "i18n", "icu\source\i18n\i18n.vcxproj", "{0178B127-6269-407D-B112-93877BB62776}"
EndProject
Project("{8BC9CEB8-8B4A-11D0-8D11-00A0C91BC942}") = "common", "icu\source\common\common.vcxproj", "{73C0A65B-D1F2-4DE1-B3A6-15DAD2C23F3D}"
EndProject
Project("{8BC9CEB8-8B4A-11D0-8D11-00A0C91BC942}") = "set_unicharset_properties", "set_unicharset_properties\set_unicharset_properties.vcxproj", "{ACECD18E-2C7B-4CB0-A97E-9D74F5D80A14}"
EndProject
Project("{8BC9CEB8-8B4A-11D0-8D11-00A0C91BC942}") = "unicharset_extractor", "unicharset_extractor\unicharset_extractor.vcxproj", "{E9CB509B-582A-41A7-AE87-1DAF2E114F44}"
EndProject
Project("{8BC9CEB8-8B4A-11D0-8D11-00A0C91BC942}") = "cntraining", "cntraining\cntraining.vcxproj", "{436B10BD-97EF-4E9F-BF5B-5737168F72C4}"
EndProject
Project("{8BC9CEB8-8B4A-11D0-8D11-00A0C91BC942}") = "dawg2wordlist", "dawg2wordlist\dawg2wordlist.vcxproj", "{07714131-0C0B-425C-B4C2-DA4668255B46}"
EndProject
Project("{8BC9CEB8-8B4A-11D0-8D11-00A0C91BC942}") = "mftraining", "mftraining\mftraining.vcxproj", "{2D347035-3D5C-4249-BEBD-28C84F373DE3}"
EndProject
Project("{8BC9CEB8-8B4A-11D0-8D11-00A0C91BC942}") = "shapeclustering", "shapeclustering\shapeclustering.vcxproj", "{ACD7113F-F139-444C-BD76-0AFC89B9EC45}"
EndProject
Project("{8BC9CEB8-8B4A-11D0-8D11-00A0C91BC942}") = "wordlist2dawg", "wordlist2dawg\wordlist2dawg.vcxproj", "{2C9CDE4B-1809-436F-9A56-DC0A7E3C2E6F}"
EndProject
Project("{8BC9CEB8-8B4A-11D0-8D11-00A0C91BC942}") = "ambiguous_words", "ambiguous_words\ambiguous_words.vcxproj", "{8C082B83-6471-4D5B-AEA2-BE122248E014}"
EndProject
Global
	GlobalSection(SolutionConfigurationPlatforms) = preSolution
		Debug|Any CPU = Debug|Any CPU
		Debug|x64 = Debug|x64
		Debug|x86 = Debug|x86
		Release|Any CPU = Release|Any CPU
		Release|x64 = Release|x64
		Release|x86 = Release|x86
	EndGlobalSection
	GlobalSection(ProjectConfigurationPlatforms) = postSolution
		{E6961845-0D83-4CB0-9928-064E63D90FF2}.Debug|Any CPU.ActiveCfg = Debug|Win32
		{E6961845-0D83-4CB0-9928-064E63D90FF2}.Debug|x64.ActiveCfg = Debug|x64
		{E6961845-0D83-4CB0-9928-064E63D90FF2}.Debug|x64.Build.0 = Debug|x64
		{E6961845-0D83-4CB0-9928-064E63D90FF2}.Debug|x86.ActiveCfg = Debug|Win32
		{E6961845-0D83-4CB0-9928-064E63D90FF2}.Debug|x86.Build.0 = Debug|Win32
		{E6961845-0D83-4CB0-9928-064E63D90FF2}.Release|Any CPU.ActiveCfg = Release|Win32
		{E6961845-0D83-4CB0-9928-064E63D90FF2}.Release|x64.ActiveCfg = Release|x64
		{E6961845-0D83-4CB0-9928-064E63D90FF2}.Release|x64.Build.0 = Release|x64
		{E6961845-0D83-4CB0-9928-064E63D90FF2}.Release|x86.ActiveCfg = Release|Win32
		{E6961845-0D83-4CB0-9928-064E63D90FF2}.Release|x86.Build.0 = Release|Win32
		{41F12953-3463-4CE0-B2E0-26EDD6948ED9}.Debug|Any CPU.ActiveCfg = Debug|Win32
		{41F12953-3463-4CE0-B2E0-26EDD6948ED9}.Debug|x64.ActiveCfg = Debug|x64
		{41F12953-3463-4CE0-B2E0-26EDD6948ED9}.Debug|x64.Build.0 = Debug|x64
		{41F12953-3463-4CE0-B2E0-26EDD6948ED9}.Debug|x86.ActiveCfg = Debug|Win32
		{41F12953-3463-4CE0-B2E0-26EDD6948ED9}.Debug|x86.Build.0 = Debug|Win32
		{41F12953-3463-4CE0-B2E0-26EDD6948ED9}.Release|Any CPU.ActiveCfg = Release|Win32
		{41F12953-3463-4CE0-B2E0-26EDD6948ED9}.Release|x64.ActiveCfg = Release|x64
		{41F12953-3463-4CE0-B2E0-26EDD6948ED9}.Release|x64.Build.0 = Release|x64
		{41F12953-3463-4CE0-B2E0-26EDD6948ED9}.Release|x86.ActiveCfg = Release|Win32
		{41F12953-3463-4CE0-B2E0-26EDD6948ED9}.Release|x86.Build.0 = Release|Win32
		{EBA2AE0F-2BBC-406D-9A34-3BC8EA89D5CF}.Debug|Any CPU.ActiveCfg = Debug|Win32
		{EBA2AE0F-2BBC-406D-9A34-3BC8EA89D5CF}.Debug|x64.ActiveCfg = Debug|x64
		{EBA2AE0F-2BBC-406D-9A34-3BC8EA89D5CF}.Debug|x64.Build.0 = Debug|x64
		{EBA2AE0F-2BBC-406D-9A34-3BC8EA89D5CF}.Debug|x86.ActiveCfg = Debug|Win32
		{EBA2AE0F-2BBC-406D-9A34-3BC8EA89D5CF}.Debug|x86.Build.0 = Debug|Win32
		{EBA2AE0F-2BBC-406D-9A34-3BC8EA89D5CF}.Release|Any CPU.ActiveCfg = Release|Win32
		{EBA2AE0F-2BBC-406D-9A34-3BC8EA89D5CF}.Release|x64.ActiveCfg = Release|x64
		{EBA2AE0F-2BBC-406D-9A34-3BC8EA89D5CF}.Release|x64.Build.0 = Release|x64
		{EBA2AE0F-2BBC-406D-9A34-3BC8EA89D5CF}.Release|x86.ActiveCfg = Release|Win32
		{EBA2AE0F-2BBC-406D-9A34-3BC8EA89D5CF}.Release|x86.Build.0 = Release|Win32
		{CFE7F335-BE15-417C-9498-98E79F9EB18E}.Debug|Any CPU.ActiveCfg = Debug|Win32
		{CFE7F335-BE15-417C-9498-98E79F9EB18E}.Debug|x64.ActiveCfg = Debug|x64
		{CFE7F335-BE15-417C-9498-98E79F9EB18E}.Debug|x64.Build.0 = Debug|x64
		{CFE7F335-BE15-417C-9498-98E79F9EB18E}.Debug|x86.ActiveCfg = Debug|Win32
		{CFE7F335-BE15-417C-9498-98E79F9EB18E}.Debug|x86.Build.0 = Debug|Win32
		{CFE7F335-BE15-417C-9498-98E79F9EB18E}.Release|Any CPU.ActiveCfg = Release|Win32
		{CFE7F335-BE15-417C-9498-98E79F9EB18E}.Release|x64.ActiveCfg = Release|x64
		{CFE7F335-BE15-417C-9498-98E79F9EB18E}.Release|x64.Build.0 = Release|x64
		{CFE7F335-BE15-417C-9498-98E79F9EB18E}.Release|x86.ActiveCfg = Release|Win32
		{CFE7F335-BE15-417C-9498-98E79F9EB18E}.Release|x86.Build.0 = Release|Win32
		{1D6F8728-4BE8-4142-95E7-7430D3891C72}.Debug|Any CPU.ActiveCfg = Debug|Win32
		{1D6F8728-4BE8-4142-95E7-7430D3891C72}.Debug|x64.ActiveCfg = Debug|x64
		{1D6F8728-4BE8-4142-95E7-7430D3891C72}.Debug|x64.Build.0 = Debug|x64
		{1D6F8728-4BE8-4142-95E7-7430D3891C72}.Debug|x86.ActiveCfg = Debug|Win32
		{1D6F8728-4BE8-4142-95E7-7430D3891C72}.Debug|x86.Build.0 = Debug|Win32
		{1D6F8728-4BE8-4142-95E7-7430D3891C72}.Release|Any CPU.ActiveCfg = Release|Win32
		{1D6F8728-4BE8-4142-95E7-7430D3891C72}.Release|x64.ActiveCfg = Release|x64
		{1D6F8728-4BE8-4142-95E7-7430D3891C72}.Release|x64.Build.0 = Release|x64
		{1D6F8728-4BE8-4142-95E7-7430D3891C72}.Release|x86.ActiveCfg = Release|Win32
		{1D6F8728-4BE8-4142-95E7-7430D3891C72}.Release|x86.Build.0 = Release|Win32
		{37AD3712-9022-4665-BB77-0CC8B2B49D8A}.Debug|Any CPU.ActiveCfg = Debug|Win32
		{37AD3712-9022-4665-BB77-0CC8B2B49D8A}.Debug|x64.ActiveCfg = Debug|x64
		{37AD3712-9022-4665-BB77-0CC8B2B49D8A}.Debug|x64.Build.0 = Debug|x64
		{37AD3712-9022-4665-BB77-0CC8B2B49D8A}.Debug|x86.ActiveCfg = Debug|Win32
		{37AD3712-9022-4665-BB77-0CC8B2B49D8A}.Debug|x86.Build.0 = Debug|Win32
		{37AD3712-9022-4665-BB77-0CC8B2B49D8A}.Release|Any CPU.ActiveCfg = Release|Win32
		{37AD3712-9022-4665-BB77-0CC8B2B49D8A}.Release|x64.ActiveCfg = Release|x64
		{37AD3712-9022-4665-BB77-0CC8B2B49D8A}.Release|x64.Build.0 = Release|x64
		{37AD3712-9022-4665-BB77-0CC8B2B49D8A}.Release|x86.ActiveCfg = Release|Win32
		{37AD3712-9022-4665-BB77-0CC8B2B49D8A}.Release|x86.Build.0 = Release|Win32
		{B6B31E79-633D-4C8B-8BEB-98E90394BC90}.Debug|Any CPU.ActiveCfg = Debug|Win32
		{B6B31E79-633D-4C8B-8BEB-98E90394BC90}.Debug|x64.ActiveCfg = Debug|x64
		{B6B31E79-633D-4C8B-8BEB-98E90394BC90}.Debug|x64.Build.0 = Debug|x64
		{B6B31E79-633D-4C8B-8BEB-98E90394BC90}.Debug|x86.ActiveCfg = Debug|Win32
		{B6B31E79-633D-4C8B-8BEB-98E90394BC90}.Debug|x86.Build.0 = Debug|Win32
		{B6B31E79-633D-4C8B-8BEB-98E90394BC90}.Release|Any CPU.ActiveCfg = Release|Win32
		{B6B31E79-633D-4C8B-8BEB-98E90394BC90}.Release|x64.ActiveCfg = Release|x64
		{B6B31E79-633D-4C8B-8BEB-98E90394BC90}.Release|x64.Build.0 = Release|x64
		{B6B31E79-633D-4C8B-8BEB-98E90394BC90}.Release|x86.ActiveCfg = Release|Win32
		{B6B31E79-633D-4C8B-8BEB-98E90394BC90}.Release|x86.Build.0 = Release|Win32
		{6B46ED03-25FE-475D-A93C-34AEA797571F}.Debug|Any CPU.ActiveCfg = Debug|Win32
		{6B46ED03-25FE-475D-A93C-34AEA797571F}.Debug|x64.ActiveCfg = Debug|x64
		{6B46ED03-25FE-475D-A93C-34AEA797571F}.Debug|x64.Build.0 = Debug|x64
		{6B46ED03-25FE-475D-A93C-34AEA797571F}.Debug|x86.ActiveCfg = Debug|Win32
		{6B46ED03-25FE-475D-A93C-34AEA797571F}.Debug|x86.Build.0 = Debug|Win32
		{6B46ED03-25FE-475D-A93C-34AEA797571F}.Release|Any CPU.ActiveCfg = Release|Win32
		{6B46ED03-25FE-475D-A93C-34AEA797571F}.Release|x64.ActiveCfg = Release|x64
		{6B46ED03-25FE-475D-A93C-34AEA797571F}.Release|x64.Build.0 = Release|x64
		{6B46ED03-25FE-475D-A93C-34AEA797571F}.Release|x86.ActiveCfg = Release|Win32
		{6B46ED03-25FE-475D-A93C-34AEA797571F}.Release|x86.Build.0 = Release|Win32
		{D5811ADA-EF79-4F95-A81C-0CAE618C1198}.Debug|Any CPU.ActiveCfg = Debug|Win32
		{D5811ADA-EF79-4F95-A81C-0CAE618C1198}.Debug|x64.ActiveCfg = Debug|x64
		{D5811ADA-EF79-4F95-A81C-0CAE618C1198}.Debug|x64.Build.0 = Debug|x64
		{D5811ADA-EF79-4F95-A81C-0CAE618C1198}.Debug|x86.ActiveCfg = Debug|Win32
		{D5811ADA-EF79-4F95-A81C-0CAE618C1198}.Debug|x86.Build.0 = Debug|Win32
		{D5811ADA-EF79-4F95-A81C-0CAE618C1198}.Release|Any CPU.ActiveCfg = Release|Win32
		{D5811ADA-EF79-4F95-A81C-0CAE618C1198}.Release|x64.ActiveCfg = Release|x64
		{D5811ADA-EF79-4F95-A81C-0CAE618C1198}.Release|x64.Build.0 = Release|x64
		{D5811ADA-EF79-4F95-A81C-0CAE618C1198}.Release|x86.ActiveCfg = Release|Win32
		{D5811ADA-EF79-4F95-A81C-0CAE618C1198}.Release|x86.Build.0 = Release|Win32
		{203EC78A-0531-43F0-A636-285439BDE025}.Debug|Any CPU.ActiveCfg = Debug|Win32
		{203EC78A-0531-43F0-A636-285439BDE025}.Debug|x64.ActiveCfg = Debug|x64
		{203EC78A-0531-43F0-A636-285439BDE025}.Debug|x64.Build.0 = Debug|x64
		{203EC78A-0531-43F0-A636-285439BDE025}.Debug|x86.ActiveCfg = Debug|Win32
		{203EC78A-0531-43F0-A636-285439BDE025}.Debug|x86.Build.0 = Debug|Win32
		{203EC78A-0531-43F0-A636-285439BDE025}.Release|Any CPU.ActiveCfg = Release|Win32
		{203EC78A-0531-43F0-A636-285439BDE025}.Release|x64.ActiveCfg = Release|x64
		{203EC78A-0531-43F0-A636-285439BDE025}.Release|x64.Build.0 = Release|x64
		{203EC78A-0531-43F0-A636-285439BDE025}.Release|x86.ActiveCfg = Release|Win32
		{203EC78A-0531-43F0-A636-285439BDE025}.Release|x86.Build.0 = Release|Win32
		{0178B127-6269-407D-B112-93877BB62776}.Debug|Any CPU.ActiveCfg = Debug|Win32
		{0178B127-6269-407D-B112-93877BB62776}.Debug|x64.ActiveCfg = Debug|x64
		{0178B127-6269-407D-B112-93877BB62776}.Debug|x64.Build.0 = Debug|x64
		{0178B127-6269-407D-B112-93877BB62776}.Debug|x86.ActiveCfg = Debug|Win32
		{0178B127-6269-407D-B112-93877BB62776}.Debug|x86.Build.0 = Debug|Win32
		{0178B127-6269-407D-B112-93877BB62776}.Release|Any CPU.ActiveCfg = Release|Win32
		{0178B127-6269-407D-B112-93877BB62776}.Release|x64.ActiveCfg = Release|x64
		{0178B127-6269-407D-B112-93877BB62776}.Release|x64.Build.0 = Release|x64
		{0178B127-6269-407D-B112-93877BB62776}.Release|x86.ActiveCfg = Release|Win32
		{0178B127-6269-407D-B112-93877BB62776}.Release|x86.Build.0 = Release|Win32
		{73C0A65B-D1F2-4DE1-B3A6-15DAD2C23F3D}.Debug|Any CPU.ActiveCfg = Debug|Win32
		{73C0A65B-D1F2-4DE1-B3A6-15DAD2C23F3D}.Debug|x64.ActiveCfg = Debug|x64
		{73C0A65B-D1F2-4DE1-B3A6-15DAD2C23F3D}.Debug|x64.Build.0 = Debug|x64
		{73C0A65B-D1F2-4DE1-B3A6-15DAD2C23F3D}.Debug|x86.ActiveCfg = Debug|Win32
		{73C0A65B-D1F2-4DE1-B3A6-15DAD2C23F3D}.Debug|x86.Build.0 = Debug|Win32
		{73C0A65B-D1F2-4DE1-B3A6-15DAD2C23F3D}.Release|Any CPU.ActiveCfg = Release|Win32
		{73C0A65B-D1F2-4DE1-B3A6-15DAD2C23F3D}.Release|x64.ActiveCfg = Release|x64
		{73C0A65B-D1F2-4DE1-B3A6-15DAD2C23F3D}.Release|x64.Build.0 = Release|x64
		{73C0A65B-D1F2-4DE1-B3A6-15DAD2C23F3D}.Release|x86.ActiveCfg = Release|Win32
		{73C0A65B-D1F2-4DE1-B3A6-15DAD2C23F3D}.Release|x86.Build.0 = Release|Win32
		{ACECD18E-2C7B-4CB0-A97E-9D74F5D80A14}.Debug|Any CPU.ActiveCfg = Debug|Win32
		{ACECD18E-2C7B-4CB0-A97E-9D74F5D80A14}.Debug|x64.ActiveCfg = Debug|x64
		{ACECD18E-2C7B-4CB0-A97E-9D74F5D80A14}.Debug|x64.Build.0 = Debug|x64
		{ACECD18E-2C7B-4CB0-A97E-9D74F5D80A14}.Debug|x86.ActiveCfg = Debug|Win32
		{ACECD18E-2C7B-4CB0-A97E-9D74F5D80A14}.Debug|x86.Build.0 = Debug|Win32
		{ACECD18E-2C7B-4CB0-A97E-9D74F5D80A14}.Release|Any CPU.ActiveCfg = Release|Win32
		{ACECD18E-2C7B-4CB0-A97E-9D74F5D80A14}.Release|x64.ActiveCfg = Release|x64
		{ACECD18E-2C7B-4CB0-A97E-9D74F5D80A14}.Release|x64.Build.0 = Release|x64
		{ACECD18E-2C7B-4CB0-A97E-9D74F5D80A14}.Release|x86.ActiveCfg = Release|Win32
		{ACECD18E-2C7B-4CB0-A97E-9D74F5D80A14}.Release|x86.Build.0 = Release|Win32
		{E9CB509B-582A-41A7-AE87-1DAF2E114F44}.Debug|Any CPU.ActiveCfg = Debug|Win32
		{E9CB509B-582A-41A7-AE87-1DAF2E114F44}.Debug|x64.ActiveCfg = Debug|x64
		{E9CB509B-582A-41A7-AE87-1DAF2E114F44}.Debug|x64.Build.0 = Debug|x64
		{E9CB509B-582A-41A7-AE87-1DAF2E114F44}.Debug|x86.ActiveCfg = Debug|Win32
		{E9CB509B-582A-41A7-AE87-1DAF2E114F44}.Debug|x86.Build.0 = Debug|Win32
		{E9CB509B-582A-41A7-AE87-1DAF2E114F44}.Release|Any CPU.ActiveCfg = Release|Win32
		{E9CB509B-582A-41A7-AE87-1DAF2E114F44}.Release|x64.ActiveCfg = Release|x64
		{E9CB509B-582A-41A7-AE87-1DAF2E114F44}.Release|x64.Build.0 = Release|x64
		{E9CB509B-582A-41A7-AE87-1DAF2E114F44}.Release|x86.ActiveCfg = Release|Win32
		{E9CB509B-582A-41A7-AE87-1DAF2E114F44}.Release|x86.Build.0 = Release|Win32
		{436B10BD-97EF-4E9F-BF5B-5737168F72C4}.Debug|Any CPU.ActiveCfg = Debug|Win32
		{436B10BD-97EF-4E9F-BF5B-5737168F72C4}.Debug|x64.ActiveCfg = Debug|x64
		{436B10BD-97EF-4E9F-BF5B-5737168F72C4}.Debug|x64.Build.0 = Debug|x64
		{436B10BD-97EF-4E9F-BF5B-5737168F72C4}.Debug|x86.ActiveCfg = Debug|Win32
		{436B10BD-97EF-4E9F-BF5B-5737168F72C4}.Debug|x86.Build.0 = Debug|Win32
		{436B10BD-97EF-4E9F-BF5B-5737168F72C4}.Release|Any CPU.ActiveCfg = Release|Win32
		{436B10BD-97EF-4E9F-BF5B-5737168F72C4}.Release|x64.ActiveCfg = Release|x64
		{436B10BD-97EF-4E9F-BF5B-5737168F72C4}.Release|x64.Build.0 = Release|x64
		{436B10BD-97EF-4E9F-BF5B-5737168F72C4}.Release|x86.ActiveCfg = Release|Win32
		{436B10BD-97EF-4E9F-BF5B-5737168F72C4}.Release|x86.Build.0 = Release|Win32
		{07714131-0C0B-425C-B4C2-DA4668255B46}.Debug|Any CPU.ActiveCfg = Debug|Win32
		{07714131-0C0B-425C-B4C2-DA4668255B46}.Debug|x64.ActiveCfg = Debug|x64
		{07714131-0C0B-425C-B4C2-DA4668255B46}.Debug|x64.Build.0 = Debug|x64
		{07714131-0C0B-425C-B4C2-DA4668255B46}.Debug|x86.ActiveCfg = Debug|Win32
		{07714131-0C0B-425C-B4C2-DA4668255B46}.Debug|x86.Build.0 = Debug|Win32
		{07714131-0C0B-425C-B4C2-DA4668255B46}.Release|Any CPU.ActiveCfg = Release|Win32
		{07714131-0C0B-425C-B4C2-DA4668255B46}.Release|x64.ActiveCfg = Release|x64
		{07714131-0C0B-425C-B4C2-DA4668255B46}.Release|x64.Build.0 = Release|x64
		{07714131-0C0B-425C-B4C2-DA4668255B46}.Release|x86.ActiveCfg = Release|Win32
		{07714131-0C0B-425C-B4C2-DA4668255B46}.Release|x86.Build.0 = Release|Win32
		{2D347035-3D5C-4249-BEBD-28C84F373DE3}.Debug|Any CPU.ActiveCfg = Debug|Win32
		{2D347035-3D5C-4249-BEBD-28C84F373DE3}.Debug|x64.ActiveCfg = Debug|x64
		{2D347035-3D5C-4249-BEBD-28C84F373DE3}.Debug|x64.Build.0 = Debug|x64
		{2D347035-3D5C-4249-BEBD-28C84F373DE3}.Debug|x86.ActiveCfg = Debug|Win32
		{2D347035-3D5C-4249-BEBD-28C84F373DE3}.Debug|x86.Build.0 = Debug|Win32
		{2D347035-3D5C-4249-BEBD-28C84F373DE3}.Release|Any CPU.ActiveCfg = Release|Win32
		{2D347035-3D5C-4249-BEBD-28C84F373DE3}.Release|x64.ActiveCfg = Release|x64
		{2D347035-3D5C-4249-BEBD-28C84F373DE3}.Release|x64.Build.0 = Release|x64
		{2D347035-3D5C-4249-BEBD-28C84F373DE3}.Release|x86.ActiveCfg = Release|Win32
		{2D347035-3D5C-4249-BEBD-28C84F373DE3}.Release|x86.Build.0 = Release|Win32
		{ACD7113F-F139-444C-BD76-0AFC89B9EC45}.Debug|Any CPU.ActiveCfg = Debug|Win32
		{ACD7113F-F139-444C-BD76-0AFC89B9EC45}.Debug|x64.ActiveCfg = Debug|x64
		{ACD7113F-F139-444C-BD76-0AFC89B9EC45}.Debug|x64.Build.0 = Debug|x64
		{ACD7113F-F139-444C-BD76-0AFC89B9EC45}.Debug|x86.ActiveCfg = Debug|Win32
		{ACD7113F-F139-444C-BD76-0AFC89B9EC45}.Debug|x86.Build.0 = Debug|Win32
		{ACD7113F-F139-444C-BD76-0AFC89B9EC45}.Release|Any CPU.ActiveCfg = Release|Win32
		{ACD7113F-F139-444C-BD76-0AFC89B9EC45}.Release|x64.ActiveCfg = Release|x64
		{ACD7113F-F139-444C-BD76-0AFC89B9EC45}.Release|x64.Build.0 = Release|x64
		{ACD7113F-F139-444C-BD76-0AFC89B9EC45}.Release|x86.ActiveCfg = Release|Win32
		{ACD7113F-F139-444C-BD76-0AFC89B9EC45}.Release|x86.Build.0 = Release|Win32
		{2C9CDE4B-1809-436F-9A56-DC0A7E3C2E6F}.Debug|Any CPU.ActiveCfg = Debug|Win32
		{2C9CDE4B-1809-436F-9A56-DC0A7E3C2E6F}.Debug|x64.ActiveCfg = Debug|x64
		{2C9CDE4B-1809-436F-9A56-DC0A7E3C2E6F}.Debug|x64.Build.0 = Debug|x64
		{2C9CDE4B-1809-436F-9A56-DC0A7E3C2E6F}.Debug|x86.ActiveCfg = Debug|Win32
		{2C9CDE4B-1809-436F-9A56-DC0A7E3C2E6F}.Debug|x86.Build.0 = Debug|Win32
		{2C9CDE4B-1809-436F-9A56-DC0A7E3C2E6F}.Release|Any CPU.ActiveCfg = Release|Win32
		{2C9CDE4B-1809-436F-9A56-DC0A7E3C2E6F}.Release|x64.ActiveCfg = Release|x64
		{2C9CDE4B-1809-436F-9A56-DC0A7E3C2E6F}.Release|x64.Build.0 = Release|x64
		{2C9CDE4B-1809-436F-9A56-DC0A7E3C2E6F}.Release|x86.ActiveCfg = Release|Win32
		{2C9CDE4B-1809-436F-9A56-DC0A7E3C2E6F}.Release|x86.Build.0 = Release|Win32
		{8C082B83-6471-4D5B-AEA2-BE122248E014}.Debug|Any CPU.ActiveCfg = Debug|Win32
		{8C082B83-6471-4D5B-AEA2-BE122248E014}.Debug|x64.ActiveCfg = Debug|x64
		{8C082B83-6471-4D5B-AEA2-BE122248E014}.Debug|x64.Build.0 = Debug|x64
		{8C082B83-6471-4D5B-AEA2-BE122248E014}.Debug|x86.ActiveCfg = Debug|Win32
		{8C082B83-6471-4D5B-AEA2-BE122248E014}.Debug|x86.Build.0 = Debug|Win32
		{8C082B83-6471-4D5B-AEA2-BE122248E014}.Release|Any CPU.ActiveCfg = Release|Win32
		{8C082B83-6471-4D5B-AEA2-BE122248E014}.Release|x64.ActiveCfg = Release|x64
		{8C082B83-6471-4D5B-AEA2-BE122248E014}.Release|x64.Build.0 = Release|x64
		{8C082B83-6471-4D5B-AEA2-BE122248E014}.Release|x86.ActiveCfg = Release|Win32
		{8C082B83-6471-4D5B-AEA2-BE122248E014}.Release|x86.Build.0 = Release|Win32
	EndGlobalSection
	GlobalSection(SolutionProperties) = preSolution
		HideSolutionNode = FALSE
	EndGlobalSection
EndGlobal
